
Microsoft Visual Studio Solution File, Format Version 12.00
# Visual Studio Version 16
VisualStudioVersion = 16.0.31105.61
MinimumVisualStudioVersion = 10.0.40219.1
Project("{FAE04EC0-301F-11D3-BF4B-00C04F79EFBC}") = "GraphQLInfo802", "GraphQLInfo802\GraphQLInfo802.csproj", "{2EDC1BA2-AB53-47DF-9D46-FD6F43E681B7}"
EndProject
Global
	GlobalSection(SolutionConfigurationPlatforms) = preSolution
		Debug|Any CPU = Debug|Any CPU
		Release|Any CPU = Release|Any CPU
	EndGlobalSection
	GlobalSection(ProjectConfigurationPlatforms) = postSolution
		{2EDC1BA2-AB53-47DF-9D46-FD6F43E681B7}.Debug|Any CPU.ActiveCfg = Debug|Any CPU
		{2EDC1BA2-AB53-47DF-9D46-FD6F43E681B7}.Debug|Any CPU.Build.0 = Debug|Any CPU
		{2EDC1BA2-AB53-47DF-9D46-FD6F43E681B7}.Release|Any CPU.ActiveCfg = Release|Any CPU
		{2EDC1BA2-AB53-47DF-9D46-FD6F43E681B7}.Release|Any CPU.Build.0 = Release|Any CPU
	EndGlobalSection
	GlobalSection(SolutionProperties) = preSolution
		HideSolutionNode = FALSE
	EndGlobalSection
	GlobalSection(ExtensibilityGlobals) = postSolution
		SolutionGuid = {DE8F478C-D351-49BC-8552-C1A2AF816042}
	EndGlobalSection
EndGlobal
